<Solution>
  <Folder Name="/android/">
    <Project Path="src/android/Intercom.Android.Binding/Intercom.Android.Binding.csproj" />
  </Folder>
  <!-- src/macios/Intercom.iOS.Binding is intentionally NOT part of the solution:
       it uses the SwiftBindings.Sdk project SDK and can only build on macOS with
       Xcode 26+. Build it explicitly with eng/generate-ios-binding.sh (macOS) or CI. -->
  <Folder Name="/Solution Items/">
    <File Path="../.editorconfig" />
    <File Path="../android.png" />
    <File Path="../README.md" />
    <File Path=".github/workflows/publish.yml" />
    <File Path="global.json" />
    <File Path="NuGet.Config" />
  </Folder>
  <Project Path="src/Plugin.Maui.Intercom/Plugin.Maui.Intercom.csproj" />
  <Project Path="src/sample/MauiSample.csproj">
    <Deploy />
  </Project>
</Solution>
